// !$*UTF8*$!
{
	archiveVersion = 1;
	classes = {
	};
	objectVersion = 56;
	objects = {

/* Begin PBXBuildFile section */
		1FF677B428FFCEBD00C2A7A2 /* AppDelegate.swift in Sources */ = {isa = PBXBuildFile; fileRef = 1FF677B328FFCEBD00C2A7A2 /* AppDelegate.swift */; };
		1FF677B628FFCEBD00C2A7A2 /* SceneDelegate.swift in Sources */ = {isa = PBXBuildFile; fileRef = 1FF677B528FFCEBD00C2A7A2 /* SceneDelegate.swift */; };
		1FF677B828FFCEBD00C2A7A2 /* ViewController.swift in Sources */ = {isa = PBXBuildFile; fileRef = 1FF677B728FFCEBD00C2A7A2 /* ViewController.swift */; };
		1FF677BB28FFCEBD00C2A7A2 /* Main.storyboard in Resources */ = {isa = PBXBuildFile; fileRef = 1FF677B928FFCEBD00C2A7A2 /* Main.storyboard */; };
		1FF677BD28FFCEBE00C2A7A2 /* Assets.xcassets in Resources */ = {isa = PBXBuildFile; fileRef = 1FF677BC28FFCEBE00C2A7A2 /* Assets.xcassets */; };
		1FF677C028FFCEBE00C2A7A2 /* LaunchScreen.storyboard in Resources */ = {isa = PBXBuildFile; fileRef = 1FF677BE28FFCEBE00C2A7A2 /* LaunchScreen.storyboard */; };
		1FF677E829003D0700C2A7A2 /* Task in Resources */ = {isa = PBXBuildFile; fileRef = 1FF677E729003D0700C2A7A2 /* Task */; };
		1FF677EE29004D3B00C2A7A2 /* TableViewCell.swift in Sources */ = {isa = PBXBuildFile; fileRef = 1FF677ED29004D3B00C2A7A2 /* TableViewCell.swift */; };
		1FF677F029004F4500C2A7A2 /* Model.swift in Sources */ = {isa = PBXBuildFile; fileRef = 1FF677EF29004F4500C2A7A2 /* Model.swift */; };
		1FF6781C2902CAB000C2A7A2 /* Parser.swift in Sources */ = {isa = PBXBuildFile; fileRef = 1FF6781B2902CAB000C2A7A2 /* Parser.swift */; };
/* End PBXBuildFile section */

/* Begin PBXFileReference section */
		1FF677B028FFCEBD00C2A7A2 /* AvitoInternshipApp.app */ = {isa = PBXFileReference; explicitFileType = wrapper.application; includeInIndex = 0; path = AvitoInternshipApp.app; sourceTree = BUILT_PRODUCTS_DIR; };
		1FF677B328FFCEBD00C2A7A2 /* AppDelegate.swift */ = {isa = PBXFileReference; lastKnownFileType = sourcecode.swift; path = AppDelegate.swift; sourceTree = "<group>"; };
		1FF677B528FFCEBD00C2A7A2 /* SceneDelegate.swift */ = {isa = PBXFileReference; lastKnownFileType = sourcecode.swift; path = SceneDelegate.swift; sourceTree = "<group>"; };
		1FF677B728FFCEBD00C2A7A2 /* ViewController.swift */ = {isa = PBXFileReference; lastKnownFileType = sourcecode.swift; path = ViewController.swift; sourceTree = "<group>"; };
		1FF677BA28FFCEBD00C2A7A2 /* Base */ = {isa = PBXFileReference; lastKnownFileType = file.storyboard; name = Base; path = Base.lproj/Main.storyboard; sourceTree = "<group>"; };
		1FF677BC28FFCEBE00C2A7A2 /* Assets.xcassets */ = {isa = PBXFileReference; lastKnownFileType = folder.assetcatalog; path = Assets.xcassets; sourceTree = "<group>"; };
		1FF677BF28FFCEBE00C2A7A2 /* Base */ = {isa = PBXFileReference; lastKnownFileType = file.storyboard; name = Base; path = Base.lproj/LaunchScreen.storyboard; sourceTree = "<group>"; };
		1FF677C128FFCEBE00C2A7A2 /* Info.plist */ = {isa = PBXFileReference; lastKnownFileType = text.plist.xml; path = Info.plist; sourceTree = "<group>"; };
		1FF677E729003D0700C2A7A2 /* Task */ = {isa = PBXFileReference; lastKnownFileType = text; path = Task; sourceTree = "<group>"; };
		1FF677ED29004D3B00C2A7A2 /* TableViewCell.swift */ = {isa = PBXFileReference; lastKnownFileType = sourcecode.swift; path = TableViewCell.swift; sourceTree = "<group>"; };
		1FF677EF29004F4500C2A7A2 /* Model.swift */ = {isa = PBXFileReference; lastKnownFileType = sourcecode.swift; path = Model.swift; sourceTree = "<group>"; };
		1FF6781B2902CAB000C2A7A2 /* Parser.swift */ = {isa = PBXFileReference; lastKnownFileType = sourcecode.swift; path = Parser.swift; sourceTree = "<group>"; };
/* End PBXFileReference section */

/* Begin PBXFrameworksBuildPhase section */
		1FF677AD28FFCEBD00C2A7A2 /* Frameworks */ = {
			isa = PBXFrameworksBuildPhase;
			buildActionMask = 2147483647;
			files = (
			);
			runOnlyForDeploymentPostprocessing = 0;
		};
/* End PBXFrameworksBuildPhase section */

/* Begin PBXGroup section */
		1F9BAE952904F9AE00DF311A /* Controller */ = {
			isa = PBXGroup;
			children = (
				1FF677B728FFCEBD00C2A7A2 /* ViewController.swift */,
			);
			path = Controller;
			sourceTree = "<group>";
		};
		1F9BAE962904F9C300DF311A /* Model */ = {
			isa = PBXGroup;
			children = (
				1FF677EF29004F4500C2A7A2 /* Model.swift */,
			);
			path = Model;
			sourceTree = "<group>";
		};
		1F9BAE972904F9D900DF311A /* View */ = {
			isa = PBXGroup;
			children = (
				1FF677B928FFCEBD00C2A7A2 /* Main.storyboard */,
				1FF677ED29004D3B00C2A7A2 /* TableViewCell.swift */,
			);
			path = View;
			sourceTree = "<group>";
		};
		1F9BAE982904F9EB00DF311A /* Application */ = {
			isa = PBXGroup;
			children = (
				1FF677B328FFCEBD00C2A7A2 /* AppDelegate.swift */,
				1FF677B528FFCEBD00C2A7A2 /* SceneDelegate.swift */,
				1FF677BE28FFCEBE00C2A7A2 /* LaunchScreen.storyboard */,
				1FF677BC28FFCEBE00C2A7A2 /* Assets.xcassets */,
			);
			path = Application;
			sourceTree = "<group>";
		};
		1F9BAE992904FD3200DF311A /* Service */ = {
			isa = PBXGroup;
			children = (
				1FF6781B2902CAB000C2A7A2 /* Parser.swift */,
			);
			path = Service;
			sourceTree = "<group>";
		};
		1FF677A728FFCEBC00C2A7A2 = {
			isa = PBXGroup;
			children = (
				1FF677E729003D0700C2A7A2 /* Task */,
				1FF677B228FFCEBD00C2A7A2 /* AvitoInternshipApp */,
				1FF677B128FFCEBD00C2A7A2 /* Products */,
			);
			sourceTree = "<group>";
		};
		1FF677B128FFCEBD00C2A7A2 /* Products */ = {
			isa = PBXGroup;
			children = (
				1FF677B028FFCEBD00C2A7A2 /* AvitoInternshipApp.app */,
			);
			name = Products;
			sourceTree = "<group>";
		};
		1FF677B228FFCEBD00C2A7A2 /* AvitoInternshipApp */ = {
			isa = PBXGroup;
			children = (
				1F9BAE992904FD3200DF311A /* Service */,
				1F9BAE962904F9C300DF311A /* Model */,
				1F9BAE952904F9AE00DF311A /* Controller */,
				1F9BAE972904F9D900DF311A /* View */,
				1F9BAE982904F9EB00DF311A /* Application */,
				1FF677C128FFCEBE00C2A7A2 /* Info.plist */,
			);
			path = AvitoInternshipApp;
			sourceTree = "<group>";
		};
/* End PBXGroup section */

/* Begin PBXNativeTarget section */
		1FF677AF28FFCEBD00C2A7A2 /* AvitoInternshipApp */ = {
			isa = PBXNativeTarget;
			buildConfigurationList = 1FF677C428FFCEBE00C2A7A2 /* Build configuration list for PBXNativeTarget "AvitoInternshipApp" */;
			buildPhases = (
				1FF677AC28FFCEBD00C2A7A2 /* Sources */,
				1FF677AD28FFCEBD00C2A7A2 /* Frameworks */,
				1FF677AE28FFCEBD00C2A7A2 /* Resources */,
			);
			buildRules = (
			);
			dependencies = (
			);
			name = AvitoInternshipApp;
			productName = AvitoInternshipApp;
			productReference = 1FF677B028FFCEBD00C2A7A2 /* AvitoInternshipApp.app */;
			productType = "com.apple.product-type.application";
		};
/* End PBXNativeTarget section */

/* Begin PBXProject section */
		1FF677A828FFCEBC00C2A7A2 /* Project object */ = {
			isa = PBXProject;
			attributes = {
				BuildIndependentTargetsInParallel = 1;
				LastSwiftUpdateCheck = 1400;
				LastUpgradeCheck = 1400;
				TargetAttributes = {
					1FF677AF28FFCEBD00C2A7A2 = {
						CreatedOnToolsVersion = 14.0.1;
					};
				};
			};
			buildConfigurationList = 1FF677AB28FFCEBC00C2A7A2 /* Build configuration list for PBXProject "AvitoInternshipApp" */;
			compatibilityVersion = "Xcode 14.0";
			developmentRegion = en;
			hasScannedForEncodings = 0;
			knownRegions = (
				en,
				Base,
			);
			mainGroup = 1FF677A728FFCEBC00C2A7A2;
			productRefGroup = 1FF677B128FFCEBD00C2A7A2 /* Products */;
			projectDirPath = "";
			projectRoot = "";
			targets = (
				1FF677AF28FFCEBD00C2A7A2 /* AvitoInternshipApp */,
			);
		};
/* End PBXProject section */

/* Begin PBXResourcesBuildPhase section */
		1FF677AE28FFCEBD00C2A7A2 /* Resources */ = {
			isa = PBXResourcesBuildPhase;
			buildActionMask = 2147483647;
			files = (
				1FF677C028FFCEBE00C2A7A2 /* LaunchScreen.storyboard in Resources */,
				1FF677BD28FFCEBE00C2A7A2 /* Assets.xcassets in Resources */,
				1FF677BB28FFCEBD00C2A7A2 /* Main.storyboard in Resources */,
				1FF677E829003D0700C2A7A2 /* Task in Resources */,
			);
			runOnlyForDeploymentPostprocessing = 0;
		};
/* End PBXResourcesBuildPhase section */

/* Begin PBXSourcesBuildPhase section */
		1FF677AC28FFCEBD00C2A7A2 /* Sources */ = {
			isa = PBXSourcesBuildPhase;
			buildActionMask = 2147483647;
			files = (
				1FF677F029004F4500C2A7A2 /* Model.swift in Sources */,
				1FF677B828FFCEBD00C2A7A2 /* ViewController.swift in Sources */,
				1FF6781C2902CAB000C2A7A2 /* Parser.swift in Sources */,
				1FF677B428FFCEBD00C2A7A2 /* AppDelegate.swift in Sources */,
				1FF677EE29004D3B00C2A7A2 /* TableViewCell.swift in Sources */,
				1FF677B628FFCEBD00C2A7A2 /* SceneDelegate.swift in Sources */,
			);
			runOnlyForDeploymentPostprocessing = 0;
		};
/* End PBXSourcesBuildPhase section */

/* Begin PBXVariantGroup section */
		1FF677B928FFCEBD00C2A7A2 /* Main.storyboard */ = {
			isa = PBXVariantGroup;
			children = (
				1FF677BA28FFCEBD00C2A7A2 /* Base */,
			);
			name = Main.storyboard;
			sourceTree = "<group>";
		};
		1FF677BE28FFCEBE00C2A7A2 /* LaunchScreen.storyboard */ = {
			isa = PBXVariantGroup;
			children = (
				1FF677BF28FFCEBE00C2A7A2 /* Base */,
			);
			name = LaunchScreen.storyboard;
			sourceTree = "<group>";
		};
/* End PBXVariantGroup section */

/* Begin XCBuildConfiguration section */
		1FF677C228FFCEBE00C2A7A2 /* Debug */ = {
			isa = XCBuildConfiguration;
			buildSettings = {
				ALWAYS_SEARCH_USER_PATHS = NO;
				CLANG_ANALYZER_NONNULL = YES;
				CLANG_ANALYZER_NUMBER_OBJECT_CONVERSION = YES_AGGRESSIVE;
				CLANG_CXX_LANGUAGE_STANDARD = "gnu++20";
				CLANG_ENABLE_MODULES = YES;
				CLANG_ENABLE_OBJC_ARC = YES;
				CLANG_ENABLE_OBJC_WEAK = YES;
				CLANG_WARN_BLOCK_CAPTURE_AUTORELEASING = YES;
				CLANG_WARN_BOOL_CONVERSION = YES;
				CLANG_WARN_COMMA = YES;
				CLANG_WARN_CONSTANT_CONVERSION = YES;
				CLANG_WARN_DEPRECATED_OBJC_IMPLEMENTATIONS = YES;
				CLANG_WARN_DIRECT_OBJC_ISA_USAGE = YES_ERROR;
				CLANG_WARN_DOCUMENTATION_COMMENTS = YES;
				CLANG_WARN_EMPTY_BODY = YES;
				CLANG_WARN_ENUM_CONVERSION = YES;
				CLANG_WARN_INFINITE_RECURSION = YES;
				CLANG_WARN_INT_CONVERSION = YES;
				CLANG_WARN_NON_LITERAL_NULL_CONVERSION = YES;
				CLANG_WARN_OBJC_IMPLICIT_RETAIN_SELF = YES;
				CLANG_WARN_OBJC_LITERAL_CONVERSION = YES;
				CLANG_WARN_OBJC_ROOT_CLASS = YES_ERROR;
				CLANG_WARN_QUOTED_INCLUDE_IN_FRAMEWORK_HEADER = YES;
				CLANG_WARN_RANGE_LOOP_ANALYSIS = YES;
				CLANG_WARN_STRICT_PROTOTYPES = YES;
				CLANG_WARN_SUSPICIOUS_MOVE = YES;
				CLANG_WARN_UNGUARDED_AVAILABILITY = YES_AGGRESSIVE;
				CLANG_WARN_UNREACHABLE_CODE = YES;
				CLANG_WARN__DUPLICATE_METHOD_MATCH = YES;
				COPY_PHASE_STRIP = NO;
				DEBUG_INFORMATION_FORMAT = dwarf;
				ENABLE_STRICT_OBJC_MSGSEND = YES;
				ENABLE_TESTABILITY = YES;
				GCC_C_LANGUAGE_STANDARD = gnu11;
				GCC_DYNAMIC_NO_PIC = NO;
				GCC_NO_COMMON_BLOCKS = YES;
				GCC_OPTIMIZATION_LEVEL = 0;
				GCC_PREPROCESSOR_DEFINITIONS = (
					"DEBUG=1",
					"$(inherited)",
				);
				GCC_WARN_64_TO_32_BIT_CONVERSION = YES;
				GCC_WARN_ABOUT_RETURN_TYPE = YES_ERROR;
				GCC_WARN_UNDECLARED_SELECTOR = YES;
				GCC_WARN_UNINITIALIZED_AUTOS = YES_AGGRESSIVE;
				GCC_WARN_UNUSED_FUNCTION = YES;
				GCC_WARN_UNUSED_VARIABLE = YES;
				IPHONEOS_DEPLOYMENT_TARGET = 13.0;
				MTL_ENABLE_DEBUG_INFO = INCLUDE_SOURCE;
				MTL_FAST_MATH = YES;
				ONLY_ACTIVE_ARCH = YES;
				SDKROOT = iphoneos;
				SWIFT_ACTIVE_COMPILATION_CONDITIONS = DEBUG;
				SWIFT_OPTIMIZATION_LEVEL = "-Onone";
			};
			name = Debug;
		};
		1FF677C328FFCEBE00C2A7A2 /* Release */ = {
			isa = XCBuildConfiguration;
			buildSettings = {
				ALWAYS_SEARCH_USER_PATHS = NO;
				CLANG_ANALYZER_NONNULL = YES;
				CLANG_ANALYZER_NUMBER_OBJECT_CONVERSION = YES_AGGRESSIVE;
				CLANG_CXX_LANGUAGE_STANDARD = "gnu++20";
				CLANG_ENABLE_MODULES = YES;
				CLANG_ENABLE_OBJC_ARC = YES;
				CLANG_ENABLE_OBJC_WEAK = YES;
				CLANG_WARN_BLOCK_CAPTURE_AUTORELEASING = YES;
				CLANG_WARN_BOOL_CONVERSION = YES;
				CLANG_WARN_COMMA = YES;
				CLANG_WARN_CONSTANT_CONVERSION = YES;
				CLANG_WARN_DEPRECATED_OBJC_IMPLEMENTATIONS = YES;
				CLANG_WARN_DIRECT_OBJC_ISA_USAGE = YES_ERROR;
				CLANG_WARN_DOCUMENTATION_COMMENTS = YES;
				CLANG_WARN_EMPTY_BODY = YES;
				CLANG_WARN_ENUM_CONVERSION = YES;
				CLANG_WARN_INFINITE_RECURSION = YES;
				CLANG_WARN_INT_CONVERSION = YES;
				CLANG_WARN_NON_LITERAL_NULL_CONVERSION = YES;
				CLANG_WARN_OBJC_IMPLICIT_RETAIN_SELF = YES;
				CLANG_WARN_OBJC_LITERAL_CONVERSION = YES;
				CLANG_WARN_OBJC_ROOT_CLASS = YES_ERROR;
				CLANG_WARN_QUOTED_INCLUDE_IN_FRAMEWORK_HEADER = YES;
				CLANG_WARN_RANGE_LOOP_ANALYSIS = YES;
				CLANG_WARN_STRICT_PROTOTYPES = YES;
				CLANG_WARN_SUSPICIOUS_MOVE = YES;
				CLANG_WARN_UNGUARDED_AVAILABILITY = YES_AGGRESSIVE;
				CLANG_WARN_UNREACHABLE_CODE = YES;
				CLANG_WARN__DUPLICATE_METHOD_MATCH = YES;
				COPY_PHASE_STRIP = NO;
				DEBUG_INFORMATION_FORMAT = "dwarf-with-dsym";
				ENABLE_NS_ASSERTIONS = NO;
				ENABLE_STRICT_OBJC_MSGSEND = YES;
				GCC_C_LANGUAGE_STANDARD = gnu11;
				GCC_NO_COMMON_BLOCKS = YES;
				GCC_WARN_64_TO_32_BIT_CONVERSION = YES;
				GCC_WARN_ABOUT_RETURN_TYPE = YES_ERROR;
				GCC_WARN_UNDECLARED_SELECTOR = YES;
				GCC_WARN_UNINITIALIZED_AUTOS = YES_AGGRESSIVE;
				GCC_WARN_UNUSED_FUNCTION = YES;
				GCC_WARN_UNUSED_VARIABLE = YES;
				IPHONEOS_DEPLOYMENT_TARGET = 13.0;
				MTL_ENABLE_DEBUG_INFO = NO;
				MTL_FAST_MATH = YES;
				SDKROOT = iphoneos;
				SWIFT_COMPILATION_MODE = wholemodule;
				SWIFT_OPTIMIZATION_LEVEL = "-O";
				VALIDATE_PRODUCT = YES;
			};
			name = Release;
		};
		1FF677C528FFCEBE00C2A7A2 /* Debug */ = {
			isa = XCBuildConfiguration;
			buildSettings = {
				ASSETCATALOG_COMPILER_APPICON_NAME = AppIcon;
				ASSETCATALOG_COMPILER_GLOBAL_ACCENT_COLOR_NAME = AccentColor;
				CODE_SIGN_STYLE = Automatic;
				CURRENT_PROJECT_VERSION = 1;
				DEVELOPMENT_TEAM = 3335BGVMD7;
				GENERATE_INFOPLIST_FILE = YES;
				INFOPLIST_FILE = AvitoInternshipApp/Info.plist;
				INFOPLIST_KEY_UIApplicationSupportsIndirectInputEvents = YES;
				INFOPLIST_KEY_UILaunchStoryboardName = LaunchScreen;
				INFOPLIST_KEY_UIMainStoryboardFile = Main;
				INFOPLIST_KEY_UISupportedInterfaceOrientations_iPad = "UIInterfaceOrientationPortrait UIInterfaceOrientationPortraitUpsideDown UIInterfaceOrientationLandscapeLeft UIInterfaceOrientationLandscapeRight";
				INFOPLIST_KEY_UISupportedInterfaceOrientations_iPhone = "UIInterfaceOrientationPortrait UIInterfaceOrientationLandscapeLeft UIInterfaceOrientationLandscapeRight";
				IPHONEOS_DEPLOYMENT_TARGET = 13.0;
				LD_RUNPATH_SEARCH_PATHS = (
					"$(inherited)",
					"@executable_path/Frameworks",
				);
				MARKETING_VERSION = 1.0;
				PRODUCT_BUNDLE_IDENTIFIER = com.chebuevara.AvitoInternshipApp;
				PRODUCT_NAME = "$(TARGET_NAME)";
				SWIFT_EMIT_LOC_STRINGS = YES;
				SWIFT_VERSION = 5.0;
				TARGETED_DEVICE_FAMILY = "1,2";
			};
			name = Debug;
		};
		1FF677C628FFCEBE00C2A7A2 /* Release */ = {
			isa = XCBuildConfiguration;
			buildSettings = {
				ASSETCATALOG_COMPILER_APPICON_NAME = AppIcon;
				ASSETCATALOG_COMPILER_GLOBAL_ACCENT_COLOR_NAME = AccentColor;
				CODE_SIGN_STYLE = Automatic;
				CURRENT_PROJECT_VERSION = 1;
				DEVELOPMENT_TEAM = 3335BGVMD7;
				GENERATE_INFOPLIST_FILE = YES;
				INFOPLIST_FILE = AvitoInternshipApp/Info.plist;
				INFOPLIST_KEY_UIApplicationSupportsIndirectInputEvents = YES;
				INFOPLIST_KEY_UILaunchStoryboardName = LaunchScreen;
				INFOPLIST_KEY_UIMainStoryboardFile = Main;
				INFOPLIST_KEY_UISupportedInterfaceOrientations_iPad = "UIInterfaceOrientationPortrait UIInterfaceOrientationPortraitUpsideDown UIInterfaceOrientationLandscapeLeft UIInterfaceOrientationLandscapeRight";
				INFOPLIST_KEY_UISupportedInterfaceOrientations_iPhone = "UIInterfaceOrientationPortrait UIInterfaceOrientationLandscapeLeft UIInterfaceOrientationLandscapeRight";
				IPHONEOS_DEPLOYMENT_TARGET = 13.0;
				LD_RUNPATH_SEARCH_PATHS = (
					"$(inherited)",
					"@executable_path/Frameworks",
				);
				MARKETING_VERSION = 1.0;
				PRODUCT_BUNDLE_IDENTIFIER = com.chebuevara.AvitoInternshipApp;
				PRODUCT_NAME = "$(TARGET_NAME)";
				SWIFT_EMIT_LOC_STRINGS = YES;
				SWIFT_VERSION = 5.0;
				TARGETED_DEVICE_FAMILY = "1,2";
			};
			name = Release;
		};
/* End XCBuildConfiguration section */

/* Begin XCConfigurationList section */
		1FF677AB28FFCEBC00C2A7A2 /* Build configuration list for PBXProject "AvitoInternshipApp" */ = {
			isa = XCConfigurationList;
			buildConfigurations = (
				1FF677C228FFCEBE00C2A7A2 /* Debug */,
				1FF677C328FFCEBE00C2A7A2 /* Release */,
			);
			defaultConfigurationIsVisible = 0;
			defaultConfigurationName = Release;
		};
		1FF677C428FFCEBE00C2A7A2 /* Build configuration list for PBXNativeTarget "AvitoInternshipApp" */ = {
			isa = XCConfigurationList;
			buildConfigurations = (
				1FF677C528FFCEBE00C2A7A2 /* Debug */,
				1FF677C628FFCEBE00C2A7A2 /* Release */,
			);
			defaultConfigurationIsVisible = 0;
			defaultConfigurationName = Release;
		};
/* End XCConfigurationList section */
	};
	rootObject = 1FF677A828FFCEBC00C2A7A2 /* Project object */;
}
